
Microsoft Visual Studio Solution File, Format Version 12.00
# Visual Studio Version 16
VisualStudioVersion = 16.0.31025.194
MinimumVisualStudioVersion = 10.0.40219.1
Project("{FAE04EC0-301F-11D3-BF4B-00C04F79EFBC}") = "Lab4", "Lab4\Lab4.csproj", "{72F7AC12-0080-4EB3-AE43-002821C8E65C}"
EndProject
Global
	GlobalSection(SolutionConfigurationPlatforms) = preSolution
		Debug|Any CPU = Debug|Any CPU
		Release|Any CPU = Release|Any CPU
	EndGlobalSection
	GlobalSection(ProjectConfigurationPlatforms) = postSolution
		{72F7AC12-0080-4EB3-AE43-002821C8E65C}.Debug|Any CPU.ActiveCfg = Debug|Any CPU
		{72F7AC12-0080-4EB3-AE43-002821C8E65C}.Debug|Any CPU.Build.0 = Debug|Any CPU
		{72F7AC12-0080-4EB3-AE43-002821C8E65C}.Release|Any CPU.ActiveCfg = Release|Any CPU
		{72F7AC12-0080-4EB3-AE43-002821C8E65C}.Release|Any CPU.Build.0 = Release|Any CPU
	EndGlobalSection
	GlobalSection(SolutionProperties) = preSolution
		HideSolutionNode = FALSE
	EndGlobalSection
	GlobalSection(ExtensibilityGlobals) = postSolution
		SolutionGuid = {DC1DAED6-3AD9-4C2F-AF28-5DF3462DCBEC}
	EndGlobalSection
EndGlobal
