
Microsoft Visual Studio Solution File, Format Version 12.00
# Visual Studio Version 16
VisualStudioVersion = 16.0.31025.194
MinimumVisualStudioVersion = 10.0.40219.1
Project("{FAE04EC0-301F-11D3-BF4B-00C04F79EFBC}") = "lab1_Gen", "lab1_Gen\lab1_Gen.csproj", "{46FD1EF9-DC2B-4B79-ADE5-F7DBF951D6E1}"
EndProject
Global
	GlobalSection(SolutionConfigurationPlatforms) = preSolution
		Debug|Any CPU = Debug|Any CPU
		Release|Any CPU = Release|Any CPU
	EndGlobalSection
	GlobalSection(ProjectConfigurationPlatforms) = postSolution
		{46FD1EF9-DC2B-4B79-ADE5-F7DBF951D6E1}.Debug|Any CPU.ActiveCfg = Debug|Any CPU
		{46FD1EF9-DC2B-4B79-ADE5-F7DBF951D6E1}.Debug|Any CPU.Build.0 = Debug|Any CPU
		{46FD1EF9-DC2B-4B79-ADE5-F7DBF951D6E1}.Release|Any CPU.ActiveCfg = Release|Any CPU
		{46FD1EF9-DC2B-4B79-ADE5-F7DBF951D6E1}.Release|Any CPU.Build.0 = Release|Any CPU
	EndGlobalSection
	GlobalSection(SolutionProperties) = preSolution
		HideSolutionNode = FALSE
	EndGlobalSection
	GlobalSection(ExtensibilityGlobals) = postSolution
		SolutionGuid = {64636026-280A-40CC-8B58-A0EF837AE5A9}
	EndGlobalSection
EndGlobal
